
Microsoft Visual Studio Solution File, Format Version 12.00
# Visual Studio Version 16
VisualStudioVersion = 16.0.31220.234
MinimumVisualStudioVersion = 10.0.40219.1
Project("{FAE04EC0-301F-11D3-BF4B-00C04F79EFBC}") = "HttpClientSample", "HttpClientSample\HttpClientSample.csproj", "{5BFC7EBE-7920-44FB-8112-81595A09016B}"
EndProject
Global
	GlobalSection(SolutionConfigurationPlatforms) = preSolution
		Debug|Any CPU = Debug|Any CPU
		Release|Any CPU = Release|Any CPU
	EndGlobalSection
	GlobalSection(ProjectConfigurationPlatforms) = postSolution
		{5BFC7EBE-7920-44FB-8112-81595A09016B}.Debug|Any CPU.ActiveCfg = Debug|Any CPU
		{5BFC7EBE-7920-44FB-8112-81595A09016B}.Debug|Any CPU.Build.0 = Debug|Any CPU
		{5BFC7EBE-7920-44FB-8112-81595A09016B}.Release|Any CPU.ActiveCfg = Release|Any CPU
		{5BFC7EBE-7920-44FB-8112-81595A09016B}.Release|Any CPU.Build.0 = Release|Any CPU
	EndGlobalSection
	GlobalSection(SolutionProperties) = preSolution
		HideSolutionNode = FALSE
	EndGlobalSection
	GlobalSection(ExtensibilityGlobals) = postSolution
		SolutionGuid = {DD7BD8A6-35C1-412C-AD02-153E14A8DC28}
	EndGlobalSection
EndGlobal
